// !$*UTF8*$!
{
	archiveVersion = 1;
	classes = {
	};
	objectVersion = 46;
	objects = {

/* Begin PBXBuildFile section */
		489600EF1C843F1900EFC14A /* galaxys5.png in Resources */ = {isa = PBXBuildFile; fileRef = 489600E81C843F1900EFC14A /* galaxys5.png */; };
		489600F01C843F1900EFC14A /* htcdesign.png in Resources */ = {isa = PBXBuildFile; fileRef = 489600E91C843F1900EFC14A /* htcdesign.png */; };
		489600F11C843F1900EFC14A /* iphone6.png in Resources */ = {isa = PBXBuildFile; fileRef = 489600EA1C843F1900EFC14A /* iphone6.png */; };
		489600F21C843F1900EFC14A /* iphone6plus.png in Resources */ = {isa = PBXBuildFile; fileRef = 489600EB1C843F1900EFC14A /* iphone6plus.png */; };
		489600F31C843F1900EFC14A /* placeholder.png in Resources */ = {isa = PBXBuildFile; fileRef = 489600EC1C843F1900EFC14A /* placeholder.png */; };
		489600F41C843F1900EFC14A /* tab4.png in Resources */ = {isa = PBXBuildFile; fileRef = 489600ED1C843F1900EFC14A /* tab4.png */; };
		489600F51C843F1900EFC14A /* xperiaz.png in Resources */ = {isa = PBXBuildFile; fileRef = 489600EE1C843F1900EFC14A /* xperiaz.png */; };
		48B45EFA1C80433000A81A45 /* main.m in Sources */ = {isa = PBXBuildFile; fileRef = 48B45EF91C80433000A81A45 /* main.m */; };
		48B45EFD1C80433000A81A45 /* AppDelegate.m in Sources */ = {isa = PBXBuildFile; fileRef = 48B45EFC1C80433000A81A45 /* AppDelegate.m */; };
		48B45F001C80433000A81A45 /* ViewController.m in Sources */ = {isa = PBXBuildFile; fileRef = 48B45EFF1C80433000A81A45 /* ViewController.m */; };
		48B45F031C80433100A81A45 /* Main.storyboard in Resources */ = {isa = PBXBuildFile; fileRef = 48B45F011C80433100A81A45 /* Main.storyboard */; };
		48B45F051C80433100A81A45 /* Assets.xcassets in Resources */ = {isa = PBXBuildFile; fileRef = 48B45F041C80433100A81A45 /* Assets.xcassets */; };
		48B45F081C80433100A81A45 /* LaunchScreen.storyboard in Resources */ = {isa = PBXBuildFile; fileRef = 48B45F061C80433100A81A45 /* LaunchScreen.storyboard */; };
/* End PBXBuildFile section */

/* Begin PBXFileReference section */
		489600E81C843F1900EFC14A /* galaxys5.png */ = {isa = PBXFileReference; lastKnownFileType = image.png; path = galaxys5.png; sourceTree = "<group>"; };
		489600E91C843F1900EFC14A /* htcdesign.png */ = {isa = PBXFileReference; lastKnownFileType = image.png; path = htcdesign.png; sourceTree = "<group>"; };
		489600EA1C843F1900EFC14A /* iphone6.png */ = {isa = PBXFileReference; lastKnownFileType = image.png; path = iphone6.png; sourceTree = "<group>"; };
		489600EB1C843F1900EFC14A /* iphone6plus.png */ = {isa = PBXFileReference; lastKnownFileType = image.png; path = iphone6plus.png; sourceTree = "<group>"; };
		489600EC1C843F1900EFC14A /* placeholder.png */ = {isa = PBXFileReference; lastKnownFileType = image.png; path = placeholder.png; sourceTree = "<group>"; };
		489600ED1C843F1900EFC14A /* tab4.png */ = {isa = PBXFileReference; lastKnownFileType = image.png; path = tab4.png; sourceTree = "<group>"; };
		489600EE1C843F1900EFC14A /* xperiaz.png */ = {isa = PBXFileReference; lastKnownFileType = image.png; path = xperiaz.png; sourceTree = "<group>"; };
		48B45EF51C80433000A81A45 /* TableViewTesting.app */ = {isa = PBXFileReference; explicitFileType = wrapper.application; includeInIndex = 0; path = TableViewTesting.app; sourceTree = BUILT_PRODUCTS_DIR; };
		48B45EF91C80433000A81A45 /* main.m */ = {isa = PBXFileReference; lastKnownFileType = sourcecode.c.objc; path = main.m; sourceTree = "<group>"; };
		48B45EFB1C80433000A81A45 /* AppDelegate.h */ = {isa = PBXFileReference; lastKnownFileType = sourcecode.c.h; path = AppDelegate.h; sourceTree = "<group>"; };
		48B45EFC1C80433000A81A45 /* AppDelegate.m */ = {isa = PBXFileReference; lastKnownFileType = sourcecode.c.objc; path = AppDelegate.m; sourceTree = "<group>"; };
		48B45EFE1C80433000A81A45 /* ViewController.h */ = {isa = PBXFileReference; lastKnownFileType = sourcecode.c.h; path = ViewController.h; sourceTree = "<group>"; };
		48B45EFF1C80433000A81A45 /* ViewController.m */ = {isa = PBXFileReference; lastKnownFileType = sourcecode.c.objc; path = ViewController.m; sourceTree = "<group>"; };
		48B45F021C80433100A81A45 /* Base */ = {isa = PBXFileReference; lastKnownFileType = file.storyboard; name = Base; path = Base.lproj/Main.storyboard; sourceTree = "<group>"; };
		48B45F041C80433100A81A45 /* Assets.xcassets */ = {isa = PBXFileReference; lastKnownFileType = folder.assetcatalog; path = Assets.xcassets; sourceTree = "<group>"; };
		48B45F071C80433100A81A45 /* Base */ = {isa = PBXFileReference; lastKnownFileType = file.storyboard; name = Base; path = Base.lproj/LaunchScreen.storyboard; sourceTree = "<group>"; };
		48B45F091C80433100A81A45 /* Info.plist */ = {isa = PBXFileReference; lastKnownFileType = text.plist.xml; path = Info.plist; sourceTree = "<group>"; };
/* End PBXFileReference section */

/* Begin PBXFrameworksBuildPhase section */
		48B45EF21C80433000A81A45 /* Frameworks */ = {
			isa = PBXFrameworksBuildPhase;
			buildActionMask = 2147483647;
			files = (
			);
			runOnlyForDeploymentPostprocessing = 0;
		};
/* End PBXFrameworksBuildPhase section */

/* Begin PBXGroup section */
		489600E71C843F1900EFC14A /* images */ = {
			isa = PBXGroup;
			children = (
				489600E81C843F1900EFC14A /* galaxys5.png */,
				489600E91C843F1900EFC14A /* htcdesign.png */,
				489600EA1C843F1900EFC14A /* iphone6.png */,
				489600EB1C843F1900EFC14A /* iphone6plus.png */,
				489600EC1C843F1900EFC14A /* placeholder.png */,
				489600ED1C843F1900EFC14A /* tab4.png */,
				489600EE1C843F1900EFC14A /* xperiaz.png */,
			);
			path = images;
			sourceTree = "<group>";
		};
		48B45EEC1C80433000A81A45 = {
			isa = PBXGroup;
			children = (
				489600E71C843F1900EFC14A /* images */,
				48B45EF71C80433000A81A45 /* TableViewTesting */,
				48B45EF61C80433000A81A45 /* Products */,
			);
			sourceTree = "<group>";
		};
		48B45EF61C80433000A81A45 /* Products */ = {
			isa = PBXGroup;
			children = (
				48B45EF51C80433000A81A45 /* TableViewTesting.app */,
			);
			name = Products;
			sourceTree = "<group>";
		};
		48B45EF71C80433000A81A45 /* TableViewTesting */ = {
			isa = PBXGroup;
			children = (
				48B45EFB1C80433000A81A45 /* AppDelegate.h */,
				48B45EFC1C80433000A81A45 /* AppDelegate.m */,
				48B45EFE1C80433000A81A45 /* ViewController.h */,
				48B45EFF1C80433000A81A45 /* ViewController.m */,
				48B45F011C80433100A81A45 /* Main.storyboard */,
				48B45F041C80433100A81A45 /* Assets.xcassets */,
				48B45F061C80433100A81A45 /* LaunchScreen.storyboard */,
				48B45F091C80433100A81A45 /* Info.plist */,
				48B45EF81C80433000A81A45 /* Supporting Files */,
			);
			path = TableViewTesting;
			sourceTree = "<group>";
		};
		48B45EF81C80433000A81A45 /* Supporting Files */ = {
			isa = PBXGroup;
			children = (
				48B45EF91C80433000A81A45 /* main.m */,
			);
			name = "Supporting Files";
			sourceTree = "<group>";
		};
/* End PBXGroup section */

/* Begin PBXNativeTarget section */
		48B45EF41C80433000A81A45 /* TableViewTesting */ = {
			isa = PBXNativeTarget;
			buildConfigurationList = 48B45F0C1C80433100A81A45 /* Build configuration list for PBXNativeTarget "TableViewTesting" */;
			buildPhases = (
				48B45EF11C80433000A81A45 /* Sources */,
				48B45EF21C80433000A81A45 /* Frameworks */,
				48B45EF31C80433000A81A45 /* Resources */,
			);
			buildRules = (
			);
			dependencies = (
			);
			name = TableViewTesting;
			productName = TableViewTesting;
			productReference = 48B45EF51C80433000A81A45 /* TableViewTesting.app */;
			productType = "com.apple.product-type.application";
		};
/* End PBXNativeTarget section */

/* Begin PBXProject section */
		48B45EED1C80433000A81A45 /* Project object */ = {
			isa = PBXProject;
			attributes = {
				LastUpgradeCheck = 0710;
				ORGANIZATIONNAME = MacPro1;
				TargetAttributes = {
					48B45EF41C80433000A81A45 = {
						CreatedOnToolsVersion = 7.1;
						DevelopmentTeam = TP38Q32697;
					};
				};
			};
			buildConfigurationList = 48B45EF01C80433000A81A45 /* Build configuration list for PBXProject "TableViewTesting" */;
			compatibilityVersion = "Xcode 3.2";
			developmentRegion = English;
			hasScannedForEncodings = 0;
			knownRegions = (
				en,
				Base,
			);
			mainGroup = 48B45EEC1C80433000A81A45;
			productRefGroup = 48B45EF61C80433000A81A45 /* Products */;
			projectDirPath = "";
			projectRoot = "";
			targets = (
				48B45EF41C80433000A81A45 /* TableViewTesting */,
			);
		};
/* End PBXProject section */

/* Begin PBXResourcesBuildPhase section */
		48B45EF31C80433000A81A45 /* Resources */ = {
			isa = PBXResourcesBuildPhase;
			buildActionMask = 2147483647;
			files = (
				48B45F081C80433100A81A45 /* LaunchScreen.storyboard in Resources */,
				489600F11C843F1900EFC14A /* iphone6.png in Resources */,
				489600F41C843F1900EFC14A /* tab4.png in Resources */,
				489600EF1C843F1900EFC14A /* galaxys5.png in Resources */,
				48B45F051C80433100A81A45 /* Assets.xcassets in Resources */,
				48B45F031C80433100A81A45 /* Main.storyboard in Resources */,
				489600F31C843F1900EFC14A /* placeholder.png in Resources */,
				489600F51C843F1900EFC14A /* xperiaz.png in Resources */,
				489600F01C843F1900EFC14A /* htcdesign.png in Resources */,
				489600F21C843F1900EFC14A /* iphone6plus.png in Resources */,
			);
			runOnlyForDeploymentPostprocessing = 0;
		};
/* End PBXResourcesBuildPhase section */

/* Begin PBXSourcesBuildPhase section */
		48B45EF11C80433000A81A45 /* Sources */ = {
			isa = PBXSourcesBuildPhase;
			buildActionMask = 2147483647;
			files = (
				48B45F001C80433000A81A45 /* ViewController.m in Sources */,
				48B45EFD1C80433000A81A45 /* AppDelegate.m in Sources */,
				48B45EFA1C80433000A81A45 /* main.m in Sources */,
			);
			runOnlyForDeploymentPostprocessing = 0;
		};
/* End PBXSourcesBuildPhase section */

/* Begin PBXVariantGroup section */
		48B45F011C80433100A81A45 /* Main.storyboard */ = {
			isa = PBXVariantGroup;
			children = (
				48B45F021C80433100A81A45 /* Base */,
			);
			name = Main.storyboard;
			sourceTree = "<group>";
		};
		48B45F061C80433100A81A45 /* LaunchScreen.storyboard */ = {
			isa = PBXVariantGroup;
			children = (
				48B45F071C80433100A81A45 /* Base */,
			);
			name = LaunchScreen.storyboard;
			sourceTree = "<group>";
		};
/* End PBXVariantGroup section */

/* Begin XCBuildConfiguration section */
		48B45F0A1C80433100A81A45 /* Debug */ = {
			isa = XCBuildConfiguration;
			buildSettings = {
				ALWAYS_SEARCH_USER_PATHS = NO;
				CLANG_CXX_LANGUAGE_STANDARD = "gnu++0x";
				CLANG_CXX_LIBRARY = "libc++";
				CLANG_ENABLE_MODULES = YES;
				CLANG_ENABLE_OBJC_ARC = YES;
				CLANG_WARN_BOOL_CONVERSION = YES;
				CLANG_WARN_CONSTANT_CONVERSION = YES;
				CLANG_WARN_DIRECT_OBJC_ISA_USAGE = YES_ERROR;
				CLANG_WARN_EMPTY_BODY = YES;
				CLANG_WARN_ENUM_CONVERSION = YES;
				CLANG_WARN_INT_CONVERSION = YES;
				CLANG_WARN_OBJC_ROOT_CLASS = YES_ERROR;
				CLANG_WARN_UNREACHABLE_CODE = YES;
				CLANG_WARN__DUPLICATE_METHOD_MATCH = YES;
				"CODE_SIGN_IDENTITY[sdk=iphoneos*]" = "iPhone Developer";
				COPY_PHASE_STRIP = NO;
				DEBUG_INFORMATION_FORMAT = dwarf;
				ENABLE_STRICT_OBJC_MSGSEND = YES;
				ENABLE_TESTABILITY = YES;
				GCC_C_LANGUAGE_STANDARD = gnu99;
				GCC_DYNAMIC_NO_PIC = NO;
				GCC_NO_COMMON_BLOCKS = YES;
				GCC_OPTIMIZATION_LEVEL = 0;
				GCC_PREPROCESSOR_DEFINITIONS = (
					"DEBUG=1",
					"$(inherited)",
				);
				GCC_WARN_64_TO_32_BIT_CONVERSION = YES;
				GCC_WARN_ABOUT_RETURN_TYPE = YES_ERROR;
				GCC_WARN_UNDECLARED_SELECTOR = YES;
				GCC_WARN_UNINITIALIZED_AUTOS = YES_AGGRESSIVE;
				GCC_WARN_UNUSED_FUNCTION = YES;
				GCC_WARN_UNUSED_VARIABLE = YES;
				IPHONEOS_DEPLOYMENT_TARGET = 9.1;
				MTL_ENABLE_DEBUG_INFO = YES;
				ONLY_ACTIVE_ARCH = YES;
				SDKROOT = iphoneos;
			};
			name = Debug;
		};
		48B45F0B1C80433100A81A45 /* Release */ = {
			isa = XCBuildConfiguration;
			buildSettings = {
				ALWAYS_SEARCH_USER_PATHS = NO;
				CLANG_CXX_LANGUAGE_STANDARD = "gnu++0x";
				CLANG_CXX_LIBRARY = "libc++";
				CLANG_ENABLE_MODULES = YES;
				CLANG_ENABLE_OBJC_ARC = YES;
				CLANG_WARN_BOOL_CONVERSION = YES;
				CLANG_WARN_CONSTANT_CONVERSION = YES;
				CLANG_WARN_DIRECT_OBJC_ISA_USAGE = YES_ERROR;
				CLANG_WARN_EMPTY_BODY = YES;
				CLANG_WARN_ENUM_CONVERSION = YES;
				CLANG_WARN_INT_CONVERSION = YES;
				CLANG_WARN_OBJC_ROOT_CLASS = YES_ERROR;
				CLANG_WARN_UNREACHABLE_CODE = YES;
				CLANG_WARN__DUPLICATE_METHOD_MATCH = YES;
				"CODE_SIGN_IDENTITY[sdk=iphoneos*]" = "iPhone Developer";
				COPY_PHASE_STRIP = NO;
				DEBUG_INFORMATION_FORMAT = "dwarf-with-dsym";
				ENABLE_NS_ASSERTIONS = NO;
				ENABLE_STRICT_OBJC_MSGSEND = YES;
				GCC_C_LANGUAGE_STANDARD = gnu99;
				GCC_NO_COMMON_BLOCKS = YES;
				GCC_WARN_64_TO_32_BIT_CONVERSION = YES;
				GCC_WARN_ABOUT_RETURN_TYPE = YES_ERROR;
				GCC_WARN_UNDECLARED_SELECTOR = YES;
				GCC_WARN_UNINITIALIZED_AUTOS = YES_AGGRESSIVE;
				GCC_WARN_UNUSED_FUNCTION = YES;
				GCC_WARN_UNUSED_VARIABLE = YES;
				IPHONEOS_DEPLOYMENT_TARGET = 9.1;
				MTL_ENABLE_DEBUG_INFO = NO;
				SDKROOT = iphoneos;
				VALIDATE_PRODUCT = YES;
			};
			name = Release;
		};
		48B45F0D1C80433100A81A45 /* Debug */ = {
			isa = XCBuildConfiguration;
			buildSettings = {
				ASSETCATALOG_COMPILER_APPICON_NAME = AppIcon;
				INFOPLIST_FILE = TableViewTesting/Info.plist;
				LD_RUNPATH_SEARCH_PATHS = "$(inherited) @executable_path/Frameworks";
				PRODUCT_BUNDLE_IDENTIFIER = com.TableViewTesting;
				PRODUCT_NAME = "$(TARGET_NAME)";
			};
			name = Debug;
		};
		48B45F0E1C80433100A81A45 /* Release */ = {
			isa = XCBuildConfiguration;
			buildSettings = {
				ASSETCATALOG_COMPILER_APPICON_NAME = AppIcon;
				INFOPLIST_FILE = TableViewTesting/Info.plist;
				LD_RUNPATH_SEARCH_PATHS = "$(inherited) @executable_path/Frameworks";
				PRODUCT_BUNDLE_IDENTIFIER = com.TableViewTesting;
				PRODUCT_NAME = "$(TARGET_NAME)";
			};
			name = Release;
		};
/* End XCBuildConfiguration section */

/* Begin XCConfigurationList section */
		48B45EF01C80433000A81A45 /* Build configuration list for PBXProject "TableViewTesting" */ = {
			isa = XCConfigurationList;
			buildConfigurations = (
				48B45F0A1C80433100A81A45 /* Debug */,
				48B45F0B1C80433100A81A45 /* Release */,
			);
			defaultConfigurationIsVisible = 0;
			defaultConfigurationName = Release;
		};
		48B45F0C1C80433100A81A45 /* Build configuration list for PBXNativeTarget "TableViewTesting" */ = {
			isa = XCConfigurationList;
			buildConfigurations = (
				48B45F0D1C80433100A81A45 /* Debug */,
				48B45F0E1C80433100A81A45 /* Release */,
			);
			defaultConfigurationIsVisible = 0;
			defaultConfigurationName = Release;
		};
/* End XCConfigurationList section */
	};
	rootObject = 48B45EED1C80433000A81A45 /* Project object */;
}
